{
  "version": "4",
  "specifiers": {
    "jsr:@effection-contrib/timebox@*": "0.1.0",
    "jsr:@gordonb/pipe@*": "0.1.0",
    "jsr:@std/assert@*": "1.0.10",
    "jsr:@std/assert@^1.0.8": "1.0.10",
    "jsr:@std/expect@*": "1.0.8",
    "jsr:@std/fs@*": "1.0.5",
    "jsr:@std/internal@^1.0.5": "1.0.5",
    "jsr:@std/path@*": "1.0.8",
    "jsr:@std/path@^1.0.7": "1.0.8",
    "jsr:@std/testing@*": "1.0.5",
    "npm:@types/node@*": "22.5.4",
    "npm:chokidar@^4.0.3": "4.0.3",
    "npm:effection@^4.0.0-alpha.4": "4.0.0-alpha.6",
    "npm:effection@^4.0.0-alpha.6": "4.0.0-alpha.6",
    "npm:fp-ts@*": "2.16.9",
    "npm:fs-fixture@*": "2.7.0",
    "npm:ignore@*": "6.0.2",
    "npm:ignore@^7.0.3": "7.0.3"
  },
  "jsr": {
    "@effection-contrib/timebox@0.1.0": {
      "integrity": "ba15dac826cdd4f5f4ee9861fca5456e65d25fc774692feecfd5cfe70a95caa5",
      "dependencies": [
        "npm:effection@^4.0.0-alpha.4"
      ]
    },
    "@gordonb/pipe@0.1.0": {
      "integrity": "aca3160a31091720b858d05bef3ecca0c7230cefaeff24ca41fe0b497247e74d"
    },
    "@std/assert@1.0.10": {
      "integrity": "59b5cbac5bd55459a19045d95cc7c2ff787b4f8527c0dd195078ff6f9481fbb3",
      "dependencies": [
        "jsr:@std/internal"
      ]
    },
    "@std/expect@1.0.8": {
      "integrity": "27e40d8f3aefb372fc6a703fb0b69e34560e72a2f78705178babdffa00119a5f",
      "dependencies": [
        "jsr:@std/assert@^1.0.8",
        "jsr:@std/internal"
      ]
    },
    "@std/fs@1.0.5": {
      "integrity": "41806ad6823d0b5f275f9849a2640d87e4ef67c51ee1b8fb02426f55e02fd44e",
      "dependencies": [
        "jsr:@std/path@^1.0.7"
      ]
    },
    "@std/internal@1.0.5": {
      "integrity": "54a546004f769c1ac9e025abd15a76b6671ddc9687e2313b67376125650dc7ba"
    },
    "@std/path@1.0.8": {
      "integrity": "548fa456bb6a04d3c1a1e7477986b6cffbce95102d0bb447c67c4ee70e0364be"
    },
    "@std/testing@1.0.5": {
      "integrity": "6e693cbec94c81a1ad3df668685c7ba8e20742bb10305bc7137faa5cf16d2ec4",
      "dependencies": [
        "jsr:@std/assert@^1.0.8",
        "jsr:@std/internal"
      ]
    }
  },
  "npm": {
    "@types/node@22.5.4": {
      "integrity": "sha512-FDuKUJQm/ju9fT/SeX/6+gBzoPzlVCzfzmGkwKvRHQVxi4BntVbyIwf6a4Xn62mrvndLiml6z/UBXIdEVjQLXg==",
      "dependencies": [
        "undici-types"
      ]
    },
    "chokidar@4.0.3": {
      "integrity": "sha512-Qgzu8kfBvo+cA4962jnP1KkS6Dop5NS6g7R5LFYJr4b8Ub94PPQXUksCw9PvXoeXPRRddRNC5C1JQUR2SMGtnA==",
      "dependencies": [
        "readdirp"
      ]
    },
    "effection@4.0.0-alpha.6": {
      "integrity": "sha512-NpvMADI99VSby1OPbcB9D9+rHjkSYzQvh1xSPnJ37hxGxzHJzaMq2j/+i3cw7NfIwXOuHCTiUlCbBtmjKuK1tQ=="
    },
    "fp-ts@2.16.9": {
      "integrity": "sha512-+I2+FnVB+tVaxcYyQkHUq7ZdKScaBlX53A41mxQtpIccsfyv8PzdzP7fzp2AY832T4aoK6UZ5WRX/ebGd8uZuQ=="
    },
    "fs-fixture@2.7.0": {
      "integrity": "sha512-/CY5qB5r/gYlAulLcskgr7bPjy4ktxLYFeL2yBGgBwJdERMHAVlwhX2wTvuJXIekswL14z28eu6BLJrRSdZDYQ=="
    },
    "ignore@6.0.2": {
      "integrity": "sha512-InwqeHHN2XpumIkMvpl/DCJVrAHgCsG5+cn1XlnLWGwtZBm8QJfSusItfrwx81CTp5agNZqpKU2J/ccC5nGT4A=="
    },
    "ignore@7.0.3": {
      "integrity": "sha512-bAH5jbK/F3T3Jls4I0SO1hmPR0dKU0a7+SY6n1yzRtG54FLO8d6w/nxLFX2Nb7dBu6cCWXPaAME6cYqFUMmuCA=="
    },
    "readdirp@4.1.1": {
      "integrity": "sha512-h80JrZu/MHUZCyHu5ciuoI0+WxsCxzxJTILn6Fs8rxSnFPh+UVHYfeIxK1nVGugMqkfC4vJcBOYbkfkwYK0+gw=="
    },
    "undici-types@6.19.8": {
      "integrity": "sha512-ve2KP6f/JnbPBFyobGHuerC9g1FYGn/F8n1LWTwNxCEzd6IfqTwUQcNXgEtmmQ6DlRrC1hrSrBnCZPokRrDHjw=="
    }
  },
  "workspace": {
    "dependencies": [
      "jsr:@std/fs@*",
      "jsr:@std/path@*",
      "npm:chokidar@^4.0.3",
      "npm:effection@^4.0.0-alpha.6",
      "npm:ignore@^7.0.3"
    ]
  }
}
